
Microsoft Visual Studio Solution File, Format Version 12.00
# Visual Studio Version 17
VisualStudioVersion = 17.5.33627.172
MinimumVisualStudioVersion = 10.0.40219.1
Project("{9A19103F-16F7-4668-BE54-9A1E7A4F7556}") = "ConsoleApp1", "ConsoleApp1\ConsoleApp1.csproj", "{BC0423C9-8D1B-4905-82E2-E17D57720E6B}"
EndProject
Project("{FAE04EC0-301F-11D3-BF4B-00C04F79EFBC}") = "Intro_to_arrays", "Intro_to_arrays\Intro_to_arrays.csproj", "{1FEA6530-65CA-431E-B071-F92FE380F542}"
EndProject
Global
	GlobalSection(SolutionConfigurationPlatforms) = preSolution
		Debug|Any CPU = Debug|Any CPU
		Release|Any CPU = Release|Any CPU
	EndGlobalSection
	GlobalSection(ProjectConfigurationPlatforms) = postSolution
		{BC0423C9-8D1B-4905-82E2-E17D57720E6B}.Debug|Any CPU.ActiveCfg = Debug|Any CPU
		{BC0423C9-8D1B-4905-82E2-E17D57720E6B}.Debug|Any CPU.Build.0 = Debug|Any CPU
		{BC0423C9-8D1B-4905-82E2-E17D57720E6B}.Release|Any CPU.ActiveCfg = Release|Any CPU
		{BC0423C9-8D1B-4905-82E2-E17D57720E6B}.Release|Any CPU.Build.0 = Release|Any CPU
		{1FEA6530-65CA-431E-B071-F92FE380F542}.Debug|Any CPU.ActiveCfg = Debug|Any CPU
		{1FEA6530-65CA-431E-B071-F92FE380F542}.Debug|Any CPU.Build.0 = Debug|Any CPU
		{1FEA6530-65CA-431E-B071-F92FE380F542}.Release|Any CPU.ActiveCfg = Release|Any CPU
		{1FEA6530-65CA-431E-B071-F92FE380F542}.Release|Any CPU.Build.0 = Release|Any CPU
	EndGlobalSection
	GlobalSection(SolutionProperties) = preSolution
		HideSolutionNode = FALSE
	EndGlobalSection
	GlobalSection(ExtensibilityGlobals) = postSolution
		SolutionGuid = {50DF050C-BD7A-42CA-93F4-9B8212B66ED1}
	EndGlobalSection
EndGlobal
